# THIS IS AN AUTOGENERATED FILE. DO NOT EDIT THIS FILE DIRECTLY.
# yarn lockfile v1


"@swenkerorg/super-duper@^1.0.1":
  version "1.0.1"
  resolved "https://registry.yarnpkg.com/@swenkerorg/super-duper/-/super-duper-1.0.1.tgz#f3673faf72ef78aaf5dc2d6e826608bd273cd724"
  integrity sha512-i7ovDB74PvMPDvolgWSiFTD+94yrC9VSSo3yunKMMzlxERtCU3WGPY43dhkRJy980FJSNbc0QN6aOsGzwYYu8g==
